
Microsoft Visual Studio Solution File, Format Version 12.00
# Visual Studio Version 17
VisualStudioVersion = 17.12.35527.113
MinimumVisualStudioVersion = 10.0.40219.1
Project("{FAE04EC0-301F-11D3-BF4B-00C04F79EFBC}") = "DioShop.Api", "DioShop.Api\DioShop.Api.csproj", "{6559FF70-692F-4B50-B521-E0A8F9967B26}"
EndProject
Project("{FAE04EC0-301F-11D3-BF4B-00C04F79EFBC}") = "DioShop.Application", "DioShop.Application\DioShop.Application.csproj", "{0C5407F1-8CD8-4A75-BB2D-E400668BCB90}"
EndProject
Project("{FAE04EC0-301F-11D3-BF4B-00C04F79EFBC}") = "DioShop.Domain", "DioShop.Domain\DioShop.Domain.csproj", "{E93E980B-1F50-40A6-BC87-1631E7A16543}"
EndProject
Project("{FAE04EC0-301F-11D3-BF4B-00C04F79EFBC}") = "DioShop.Infrastructure", "DioShop.Infrastructure\DioShop.Infrastructure.csproj", "{3E16F8B0-39B2-4160-B613-D307E06FF9E8}"
EndProject
Global
	GlobalSection(SolutionConfigurationPlatforms) = preSolution
		Debug|Any CPU = Debug|Any CPU
		Release|Any CPU = Release|Any CPU
	EndGlobalSection
	GlobalSection(ProjectConfigurationPlatforms) = postSolution
		{6559FF70-692F-4B50-B521-E0A8F9967B26}.Debug|Any CPU.ActiveCfg = Debug|Any CPU
		{6559FF70-692F-4B50-B521-E0A8F9967B26}.Debug|Any CPU.Build.0 = Debug|Any CPU
		{6559FF70-692F-4B50-B521-E0A8F9967B26}.Release|Any CPU.ActiveCfg = Release|Any CPU
		{6559FF70-692F-4B50-B521-E0A8F9967B26}.Release|Any CPU.Build.0 = Release|Any CPU
		{0C5407F1-8CD8-4A75-BB2D-E400668BCB90}.Debug|Any CPU.ActiveCfg = Debug|Any CPU
		{0C5407F1-8CD8-4A75-BB2D-E400668BCB90}.Debug|Any CPU.Build.0 = Debug|Any CPU
		{0C5407F1-8CD8-4A75-BB2D-E400668BCB90}.Release|Any CPU.ActiveCfg = Release|Any CPU
		{0C5407F1-8CD8-4A75-BB2D-E400668BCB90}.Release|Any CPU.Build.0 = Release|Any CPU
		{E93E980B-1F50-40A6-BC87-1631E7A16543}.Debug|Any CPU.ActiveCfg = Debug|Any CPU
		{E93E980B-1F50-40A6-BC87-1631E7A16543}.Debug|Any CPU.Build.0 = Debug|Any CPU
		{E93E980B-1F50-40A6-BC87-1631E7A16543}.Release|Any CPU.ActiveCfg = Release|Any CPU
		{E93E980B-1F50-40A6-BC87-1631E7A16543}.Release|Any CPU.Build.0 = Release|Any CPU
		{3E16F8B0-39B2-4160-B613-D307E06FF9E8}.Debug|Any CPU.ActiveCfg = Debug|Any CPU
		{3E16F8B0-39B2-4160-B613-D307E06FF9E8}.Debug|Any CPU.Build.0 = Debug|Any CPU
		{3E16F8B0-39B2-4160-B613-D307E06FF9E8}.Release|Any CPU.ActiveCfg = Release|Any CPU
		{3E16F8B0-39B2-4160-B613-D307E06FF9E8}.Release|Any CPU.Build.0 = Release|Any CPU
	EndGlobalSection
	GlobalSection(SolutionProperties) = preSolution
		HideSolutionNode = FALSE
	EndGlobalSection
EndGlobal
